
Microsoft Visual Studio Solution File, Format Version 12.00
# Visual Studio 15
VisualStudioVersion = 15.0.27130.2036
MinimumVisualStudioVersion = 10.0.40219.1
Project("{FAE04EC0-301F-11D3-BF4B-00C04F79EFBC}") = "ED-Evaluacion6", "ED-Evaluacion6\ED-Evaluacion6.csproj", "{327F5D6E-46E0-4E5A-B1A2-6DCE64062C62}"
EndProject
Global
	GlobalSection(SolutionConfigurationPlatforms) = preSolution
		Debug|Any CPU = Debug|Any CPU
		Release|Any CPU = Release|Any CPU
	EndGlobalSection
	GlobalSection(ProjectConfigurationPlatforms) = postSolution
		{327F5D6E-46E0-4E5A-B1A2-6DCE64062C62}.Debug|Any CPU.ActiveCfg = Debug|Any CPU
		{327F5D6E-46E0-4E5A-B1A2-6DCE64062C62}.Debug|Any CPU.Build.0 = Debug|Any CPU
		{327F5D6E-46E0-4E5A-B1A2-6DCE64062C62}.Release|Any CPU.ActiveCfg = Release|Any CPU
		{327F5D6E-46E0-4E5A-B1A2-6DCE64062C62}.Release|Any CPU.Build.0 = Release|Any CPU
	EndGlobalSection
	GlobalSection(SolutionProperties) = preSolution
		HideSolutionNode = FALSE
	EndGlobalSection
	GlobalSection(ExtensibilityGlobals) = postSolution
		SolutionGuid = {4C5DCA41-1691-46FF-BE10-4852CD1233F2}
	EndGlobalSection
EndGlobal
